// !$*UTF8*$!
{
	archiveVersion = 1;
	classes = {
	};
	objectVersion = 46;
	objects = {

/* Begin PBXBuildFile section */
		F86480371BF79F400092D919 /* AppDelegate.swift in Sources */ = {isa = PBXBuildFile; fileRef = F86480361BF79F400092D919 /* AppDelegate.swift */; };
		F86480391BF79F400092D919 /* ViewController.swift in Sources */ = {isa = PBXBuildFile; fileRef = F86480381BF79F400092D919 /* ViewController.swift */; };
		F864803C1BF79F400092D919 /* Main.storyboard in Resources */ = {isa = PBXBuildFile; fileRef = F864803A1BF79F400092D919 /* Main.storyboard */; };
		F864803E1BF79F400092D919 /* Assets.xcassets in Resources */ = {isa = PBXBuildFile; fileRef = F864803D1BF79F400092D919 /* Assets.xcassets */; };
		F86480411BF79F400092D919 /* LaunchScreen.storyboard in Resources */ = {isa = PBXBuildFile; fileRef = F864803F1BF79F400092D919 /* LaunchScreen.storyboard */; };
/* End PBXBuildFile section */

/* Begin PBXFileReference section */
		F86480331BF79F400092D919 /* miappsincodigo.app */ = {isa = PBXFileReference; explicitFileType = wrapper.application; includeInIndex = 0; path = miappsincodigo.app; sourceTree = BUILT_PRODUCTS_DIR; };
		F86480361BF79F400092D919 /* AppDelegate.swift */ = {isa = PBXFileReference; lastKnownFileType = sourcecode.swift; path = AppDelegate.swift; sourceTree = "<group>"; };
		F86480381BF79F400092D919 /* ViewController.swift */ = {isa = PBXFileReference; lastKnownFileType = sourcecode.swift; path = ViewController.swift; sourceTree = "<group>"; };
		F864803B1BF79F400092D919 /* Base */ = {isa = PBXFileReference; lastKnownFileType = file.storyboard; name = Base; path = Base.lproj/Main.storyboard; sourceTree = "<group>"; };
		F864803D1BF79F400092D919 /* Assets.xcassets */ = {isa = PBXFileReference; lastKnownFileType = folder.assetcatalog; path = Assets.xcassets; sourceTree = "<group>"; };
		F86480401BF79F400092D919 /* Base */ = {isa = PBXFileReference; lastKnownFileType = file.storyboard; name = Base; path = Base.lproj/LaunchScreen.storyboard; sourceTree = "<group>"; };
		F86480421BF79F400092D919 /* Info.plist */ = {isa = PBXFileReference; lastKnownFileType = text.plist.xml; path = Info.plist; sourceTree = "<group>"; };
/* End PBXFileReference section */

/* Begin PBXFrameworksBuildPhase section */
		F86480301BF79F400092D919 /* Frameworks */ = {
			isa = PBXFrameworksBuildPhase;
			buildActionMask = 2147483647;
			files = (
			);
			runOnlyForDeploymentPostprocessing = 0;
		};
/* End PBXFrameworksBuildPhase section */

/* Begin PBXGroup section */
		F864802A1BF79F3F0092D919 = {
			isa = PBXGroup;
			children = (
				F86480351BF79F400092D919 /* miappsincodigo */,
				F86480341BF79F400092D919 /* Products */,
			);
			sourceTree = "<group>";
		};
		F86480341BF79F400092D919 /* Products */ = {
			isa = PBXGroup;
			children = (
				F86480331BF79F400092D919 /* miappsincodigo.app */,
			);
			name = Products;
			sourceTree = "<group>";
		};
		F86480351BF79F400092D919 /* miappsincodigo */ = {
			isa = PBXGroup;
			children = (
				F86480361BF79F400092D919 /* AppDelegate.swift */,
				F86480381BF79F400092D919 /* ViewController.swift */,
				F864803A1BF79F400092D919 /* Main.storyboard */,
				F864803D1BF79F400092D919 /* Assets.xcassets */,
				F864803F1BF79F400092D919 /* LaunchScreen.storyboard */,
				F86480421BF79F400092D919 /* Info.plist */,
			);
			path = miappsincodigo;
			sourceTree = "<group>";
		};
/* End PBXGroup section */

/* Begin PBXNativeTarget section */
		F86480321BF79F400092D919 /* miappsincodigo */ = {
			isa = PBXNativeTarget;
			buildConfigurationList = F86480451BF79F400092D919 /* Build configuration list for PBXNativeTarget "miappsincodigo" */;
			buildPhases = (
				F864802F1BF79F400092D919 /* Sources */,
				F86480301BF79F400092D919 /* Frameworks */,
				F86480311BF79F400092D919 /* Resources */,
			);
			buildRules = (
			);
			dependencies = (
			);
			name = miappsincodigo;
			productName = miappsincodigo;
			productReference = F86480331BF79F400092D919 /* miappsincodigo.app */;
			productType = "com.apple.product-type.application";
		};
/* End PBXNativeTarget section */

/* Begin PBXProject section */
		F864802B1BF79F400092D919 /* Project object */ = {
			isa = PBXProject;
			attributes = {
				LastSwiftUpdateCheck = 0710;
				LastUpgradeCheck = 0710;
				ORGANIZATIONNAME = "Hacemos Contactos";
				TargetAttributes = {
					F86480321BF79F400092D919 = {
						CreatedOnToolsVersion = 7.1.1;
					};
				};
			};
			buildConfigurationList = F864802E1BF79F400092D919 /* Build configuration list for PBXProject "miappsincodigo" */;
			compatibilityVersion = "Xcode 3.2";
			developmentRegion = English;
			hasScannedForEncodings = 0;
			knownRegions = (
				en,
				Base,
			);
			mainGroup = F864802A1BF79F3F0092D919;
			productRefGroup = F86480341BF79F400092D919 /* Products */;
			projectDirPath = "";
			projectRoot = "";
			targets = (
				F86480321BF79F400092D919 /* miappsincodigo */,
			);
		};
/* End PBXProject section */

/* Begin PBXResourcesBuildPhase section */
		F86480311BF79F400092D919 /* Resources */ = {
			isa = PBXResourcesBuildPhase;
			buildActionMask = 2147483647;
			files = (
				F86480411BF79F400092D919 /* LaunchScreen.storyboard in Resources */,
				F864803E1BF79F400092D919 /* Assets.xcassets in Resources */,
				F864803C1BF79F400092D919 /* Main.storyboard in Resources */,
			);
			runOnlyForDeploymentPostprocessing = 0;
		};
/* End PBXResourcesBuildPhase section */

/* Begin PBXSourcesBuildPhase section */
		F864802F1BF79F400092D919 /* Sources */ = {
			isa = PBXSourcesBuildPhase;
			buildActionMask = 2147483647;
			files = (
				F86480391BF79F400092D919 /* ViewController.swift in Sources */,
				F86480371BF79F400092D919 /* AppDelegate.swift in Sources */,
			);
			runOnlyForDeploymentPostprocessing = 0;
		};
/* End PBXSourcesBuildPhase section */

/* Begin PBXVariantGroup section */
		F864803A1BF79F400092D919 /* Main.storyboard */ = {
			isa = PBXVariantGroup;
			children = (
				F864803B1BF79F400092D919 /* Base */,
			);
			name = Main.storyboard;
			sourceTree = "<group>";
		};
		F864803F1BF79F400092D919 /* LaunchScreen.storyboard */ = {
			isa = PBXVariantGroup;
			children = (
				F86480401BF79F400092D919 /* Base */,
			);
			name = LaunchScreen.storyboard;
			sourceTree = "<group>";
		};
/* End PBXVariantGroup section */

/* Begin XCBuildConfiguration section */
		F86480431BF79F400092D919 /* Debug */ = {
			isa = XCBuildConfiguration;
			buildSettings = {
				ALWAYS_SEARCH_USER_PATHS = NO;
				CLANG_CXX_LANGUAGE_STANDARD = "gnu++0x";
				CLANG_CXX_LIBRARY = "libc++";
				CLANG_ENABLE_MODULES = YES;
				CLANG_ENABLE_OBJC_ARC = YES;
				CLANG_WARN_BOOL_CONVERSION = YES;
				CLANG_WARN_CONSTANT_CONVERSION = YES;
				CLANG_WARN_DIRECT_OBJC_ISA_USAGE = YES_ERROR;
				CLANG_WARN_EMPTY_BODY = YES;
				CLANG_WARN_ENUM_CONVERSION = YES;
				CLANG_WARN_INT_CONVERSION = YES;
				CLANG_WARN_OBJC_ROOT_CLASS = YES_ERROR;
				CLANG_WARN_UNREACHABLE_CODE = YES;
				CLANG_WARN__DUPLICATE_METHOD_MATCH = YES;
				"CODE_SIGN_IDENTITY[sdk=iphoneos*]" = "iPhone Developer";
				COPY_PHASE_STRIP = NO;
				DEBUG_INFORMATION_FORMAT = dwarf;
				ENABLE_STRICT_OBJC_MSGSEND = YES;
				ENABLE_TESTABILITY = YES;
				GCC_C_LANGUAGE_STANDARD = gnu99;
				GCC_DYNAMIC_NO_PIC = NO;
				GCC_NO_COMMON_BLOCKS = YES;
				GCC_OPTIMIZATION_LEVEL = 0;
				GCC_PREPROCESSOR_DEFINITIONS = (
					"DEBUG=1",
					"$(inherited)",
				);
				GCC_WARN_64_TO_32_BIT_CONVERSION = YES;
				GCC_WARN_ABOUT_RETURN_TYPE = YES_ERROR;
				GCC_WARN_UNDECLARED_SELECTOR = YES;
				GCC_WARN_UNINITIALIZED_AUTOS = YES_AGGRESSIVE;
				GCC_WARN_UNUSED_FUNCTION = YES;
				GCC_WARN_UNUSED_VARIABLE = YES;
				IPHONEOS_DEPLOYMENT_TARGET = 9.1;
				MTL_ENABLE_DEBUG_INFO = YES;
				ONLY_ACTIVE_ARCH = YES;
				SDKROOT = iphoneos;
				SWIFT_OPTIMIZATION_LEVEL = "-Onone";
			};
			name = Debug;
		};
		F86480441BF79F400092D919 /* Release */ = {
			isa = XCBuildConfiguration;
			buildSettings = {
				ALWAYS_SEARCH_USER_PATHS = NO;
				CLANG_CXX_LANGUAGE_STANDARD = "gnu++0x";
				CLANG_CXX_LIBRARY = "libc++";
				CLANG_ENABLE_MODULES = YES;
				CLANG_ENABLE_OBJC_ARC = YES;
				CLANG_WARN_BOOL_CONVERSION = YES;
				CLANG_WARN_CONSTANT_CONVERSION = YES;
				CLANG_WARN_DIRECT_OBJC_ISA_USAGE = YES_ERROR;
				CLANG_WARN_EMPTY_BODY = YES;
				CLANG_WARN_ENUM_CONVERSION = YES;
				CLANG_WARN_INT_CONVERSION = YES;
				CLANG_WARN_OBJC_ROOT_CLASS = YES_ERROR;
				CLANG_WARN_UNREACHABLE_CODE = YES;
				CLANG_WARN__DUPLICATE_METHOD_MATCH = YES;
				"CODE_SIGN_IDENTITY[sdk=iphoneos*]" = "iPhone Developer";
				COPY_PHASE_STRIP = NO;
				DEBUG_INFORMATION_FORMAT = "dwarf-with-dsym";
				ENABLE_NS_ASSERTIONS = NO;
				ENABLE_STRICT_OBJC_MSGSEND = YES;
				GCC_C_LANGUAGE_STANDARD = gnu99;
				GCC_NO_COMMON_BLOCKS = YES;
				GCC_WARN_64_TO_32_BIT_CONVERSION = YES;
				GCC_WARN_ABOUT_RETURN_TYPE = YES_ERROR;
				GCC_WARN_UNDECLARED_SELECTOR = YES;
				GCC_WARN_UNINITIALIZED_AUTOS = YES_AGGRESSIVE;
				GCC_WARN_UNUSED_FUNCTION = YES;
				GCC_WARN_UNUSED_VARIABLE = YES;
				IPHONEOS_DEPLOYMENT_TARGET = 9.1;
				MTL_ENABLE_DEBUG_INFO = NO;
				SDKROOT = iphoneos;
				VALIDATE_PRODUCT = YES;
			};
			name = Release;
		};
		F86480461BF79F400092D919 /* Debug */ = {
			isa = XCBuildConfiguration;
			buildSettings = {
				ASSETCATALOG_COMPILER_APPICON_NAME = AppIcon;
				INFOPLIST_FILE = miappsincodigo/Info.plist;
				LD_RUNPATH_SEARCH_PATHS = "$(inherited) @executable_path/Frameworks";
				PRODUCT_BUNDLE_IDENTIFIER = com.hacemoscontactos.miappsincodigo;
				PRODUCT_NAME = "$(TARGET_NAME)";
			};
			name = Debug;
		};
		F86480471BF79F400092D919 /* Release */ = {
			isa = XCBuildConfiguration;
			buildSettings = {
				ASSETCATALOG_COMPILER_APPICON_NAME = AppIcon;
				INFOPLIST_FILE = miappsincodigo/Info.plist;
				LD_RUNPATH_SEARCH_PATHS = "$(inherited) @executable_path/Frameworks";
				PRODUCT_BUNDLE_IDENTIFIER = com.hacemoscontactos.miappsincodigo;
				PRODUCT_NAME = "$(TARGET_NAME)";
			};
			name = Release;
		};
/* End XCBuildConfiguration section */

/* Begin XCConfigurationList section */
		F864802E1BF79F400092D919 /* Build configuration list for PBXProject "miappsincodigo" */ = {
			isa = XCConfigurationList;
			buildConfigurations = (
				F86480431BF79F400092D919 /* Debug */,
				F86480441BF79F400092D919 /* Release */,
			);
			defaultConfigurationIsVisible = 0;
			defaultConfigurationName = Release;
		};
		F86480451BF79F400092D919 /* Build configuration list for PBXNativeTarget "miappsincodigo" */ = {
			isa = XCConfigurationList;
			buildConfigurations = (
				F86480461BF79F400092D919 /* Debug */,
				F86480471BF79F400092D919 /* Release */,
			);
			defaultConfigurationIsVisible = 0;
		};
/* End XCConfigurationList section */
	};
	rootObject = F864802B1BF79F400092D919 /* Project object */;
}
